{
  "name": "js-libp2p-ilp-stream",
  "version": "1.0.0",
  "lockfileVersion": 1,
  "requires": true,
  "dependencies": {
    "@types/debug": {
      "version": "4.1.5",
      "resolved": "https://registry.npmjs.org/@types/debug/-/debug-4.1.5.tgz",
      "integrity": "sha512-Q1y515GcOdTHgagaVFhHnIFQ38ygs/kmxdNpvpou+raI9UO3YZcHDngBSYKQklcKlvA7iuQlmIKbzvmxcOE9CQ=="
    },
    "@types/long": {
      "version": "4.0.1",
      "resolved": "https://registry.npmjs.org/@types/long/-/long-4.0.1.tgz",
      "integrity": "sha512-5tXH6Bx/kNGd3MgffdmP4dy2Z+G4eaXw0SE81Tq3BNadtnMR5/ySMzX4SLEzHJzSmPNn4HIdpQsBvXMUykr58w=="
    },
    "@types/node": {
      "version": "10.17.28",
      "resolved": "https://registry.npmjs.org/@types/node/-/node-10.17.28.tgz",
      "integrity": "sha512-dzjES1Egb4c1a89C7lKwQh8pwjYmlOAG9dW1pBgxEk57tMrLnssOfEthz8kdkNaBd7lIqQx7APm5+mZ619IiCQ=="
    },
    "@types/ws": {
      "version": "6.0.4",
      "resolved": "https://registry.npmjs.org/@types/ws/-/ws-6.0.4.tgz",
      "integrity": "sha512-PpPrX7SZW9re6+Ha8ojZG4Se8AZXgf0GK6zmfqEuCsY49LFDNXO3SByp44X3dFEqtB73lkCDAdUazhAjVPiNwg==",
      "requires": {
        "@types/node": "*"
      }
    },
    "async-limiter": {
      "version": "1.0.1",
      "resolved": "https://registry.npmjs.org/async-limiter/-/async-limiter-1.0.1.tgz",
      "integrity": "sha512-csOlWGAcRFJaI6m+F2WKdnMKr4HhdhFVBk0H/QbJFMCr+uO2kwohwXQPxw/9OCxp05r5ghVBFSyioixx3gfkNQ=="
    },
    "btp-packet": {
      "version": "2.2.1",
      "resolved": "https://registry.npmjs.org/btp-packet/-/btp-packet-2.2.1.tgz",
      "integrity": "sha512-zegopYmsieDNzbST/t85p6oR2fiX7QLxDp/Iznu39+vl2nwYn19xQQYgHYjMwkmnassk9WteVWtP1QXDM8qr7A==",
      "requires": {
        "dateformat": "^3.0.3",
        "oer-utils": "^5.0.0"
      }
    },
    "dateformat": {
      "version": "3.0.3",
      "resolved": "https://registry.npmjs.org/dateformat/-/dateformat-3.0.3.tgz",
      "integrity": "sha512-jyCETtSl3VMZMWeRo7iY1FL19ges1t55hMo5yaam4Jrsm5EPL89UQkoQRyiI+Yf4k8r2ZpdngkV8hr1lIdjb3Q=="
    },
    "debug": {
      "version": "4.1.1",
      "resolved": "https://registry.npmjs.org/debug/-/debug-4.1.1.tgz",
      "integrity": "sha512-pYAIzeRo8J6KPEaJ0VWOh5Pzkbw/RetuzehGM7QRRX5he4fPHx2rdKMB256ehJCkX+XRQm16eZLqLNS8RSZXZw==",
      "requires": {
        "ms": "^2.1.1"
      }
    },
    "eventemitter2": {
      "version": "5.0.1",
      "resolved": "https://registry.npmjs.org/eventemitter2/-/eventemitter2-5.0.1.tgz",
      "integrity": "sha1-YZegldX7a1folC9v1+qtY6CclFI="
    },
    "extensible-error": {
      "version": "1.0.2",
      "resolved": "https://registry.npmjs.org/extensible-error/-/extensible-error-1.0.2.tgz",
      "integrity": "sha512-kXU1FiTsGT8PyMKtFM074RK/VBpzwuQJicAHqBpsPDeTXBQiSALPjkjKXlyKdG/GP6lR7bBaEkq8qdoO2geu9g=="
    },
    "has-flag": {
      "version": "4.0.0",
      "resolved": "https://registry.npmjs.org/has-flag/-/has-flag-4.0.0.tgz",
      "integrity": "sha512-EykJT/Q1KjTWctppgIAgfSO0tKVuZUjhgMr17kqTumMl6Afv3EISleU7qZUzoXDFTAHTDC4NOoG/ZxU3EvlMPQ=="
    },
    "ilp-logger": {
      "version": "1.4.2",
      "resolved": "https://registry.npmjs.org/ilp-logger/-/ilp-logger-1.4.2.tgz",
      "integrity": "sha512-yVbwWE6/qdh1lh8Bk6QC+Z3MpY0BnoiHaQyIWtRigPNzoio+1ac+j2JgSWv8t2+E9xvjuKjLBYDxhoJ1qQ4tnQ==",
      "requires": {
        "@types/debug": "^4.1.0",
        "debug": "^4.1.0",
        "supports-color": "^7.1.0"
      }
    },
    "ilp-packet": {
      "version": "3.1.2",
      "resolved": "https://registry.npmjs.org/ilp-packet/-/ilp-packet-3.1.2.tgz",
      "integrity": "sha512-xWNga8uvM5qB6NWg7mOeD0F/9bCQBf46XwoL2aVAoojz0vmi9IVV1t6HtrqlRsdoyWiXM3OrcGfdDm98R6qmuw==",
      "requires": {
        "extensible-error": "^1.0.2",
        "oer-utils": "^5.1.2"
      }
    },
    "ilp-plugin": {
      "version": "3.5.2",
      "resolved": "https://registry.npmjs.org/ilp-plugin/-/ilp-plugin-3.5.2.tgz",
      "integrity": "sha512-WrAmXrGz9s61OTdMKXmQS/qkHNN+AhMgbQ1SmKRYQgOQslXIxctTmldKWj7iZzcGK73tGL28D5jtOoDH6jH6Ew==",
      "requires": {
        "ilp-logger": "^1.4.2",
        "ilp-plugin-btp": "^1.2.1"
      }
    },
    "ilp-plugin-btp": {
      "version": "1.4.2",
      "resolved": "https://registry.npmjs.org/ilp-plugin-btp/-/ilp-plugin-btp-1.4.2.tgz",
      "integrity": "sha512-hIyObSH7JnxITVhs+fWKgm8gG60zVM4yyj4qqUpa2S0CZLM0uFFfdJ+VEBIFInw1c1s0l8+WKP8OzuYrCkODDw==",
      "requires": {
        "@types/debug": "0.0.30",
        "@types/node": "^10.7.1",
        "@types/ws": "^6.0.0",
        "btp-packet": "^2.2.0",
        "debug": "^3.1.0",
        "eventemitter2": "^5.0.0",
        "ilp-logger": "^1.1.3",
        "ws": "^6.0.0"
      },
      "dependencies": {
        "@types/debug": {
          "version": "0.0.30",
          "resolved": "https://registry.npmjs.org/@types/debug/-/debug-0.0.30.tgz",
          "integrity": "sha512-orGL5LXERPYsLov6CWs3Fh6203+dXzJkR7OnddIr2514Hsecwc8xRpzCapshBbKFImCsvS/mk6+FWiN5LyZJAQ=="
        },
        "debug": {
          "version": "3.2.6",
          "resolved": "https://registry.npmjs.org/debug/-/debug-3.2.6.tgz",
          "integrity": "sha512-mel+jf7nrtEl5Pn1Qx46zARXKDpBbvzezse7p7LqINmdoIk8PYP5SySaxEmYv6TZ0JyEKA1hsCId6DIhgITtWQ==",
          "requires": {
            "ms": "^2.1.1"
          }
        }
      }
    },
    "ilp-plugin-mini-accounts": {
      "version": "4.2.0",
      "resolved": "https://registry.npmjs.org/ilp-plugin-mini-accounts/-/ilp-plugin-mini-accounts-4.2.0.tgz",
      "integrity": "sha512-jw4TafgPilHuhxJKOfJQvXam0XgXobhDd5R+Qef+KRb8VIRkUvo1HpPVoqPwejxD0wUwkNCMdH+LJoy3m8bHAw==",
      "requires": {
        "@types/node": "^10.5.1",
        "@types/ws": "^6.0.0",
        "btp-packet": "^2.2.0",
        "ilp-logger": "^1.1.3",
        "ilp-packet": "^3.0.8",
        "ilp-plugin-btp": "^1.3.5",
        "ilp-protocol-ildcp": "^2.0.1",
        "ilp-store-memory": "^1.0.0",
        "ilp-store-wrapper": "^2.0.0",
        "int64": "0.0.5",
        "ws": "^6.0.0"
      }
    },
    "ilp-protocol-ildcp": {
      "version": "2.2.2",
      "resolved": "https://registry.npmjs.org/ilp-protocol-ildcp/-/ilp-protocol-ildcp-2.2.2.tgz",
      "integrity": "sha512-wj2hjOlWAC/4gIcBv6sBP0Rc5kM49tJmkdOjkpXFoQx+ozgyJniVA89Tc8halx13CQeNBRygUbz68LB4hd/Rgw==",
      "requires": {
        "debug": "^4.1.1",
        "ilp-packet": "^3.1.2",
        "oer-utils": "^5.1.2"
      }
    },
    "ilp-protocol-stream": {
      "version": "2.6.4",
      "resolved": "https://registry.npmjs.org/ilp-protocol-stream/-/ilp-protocol-stream-2.6.4.tgz",
      "integrity": "sha512-7UV6IAcQARlqzcgqcD1ns+HqMDulOvXPNrQtoqzr4StvJtY0+nyQ0LJV0U8LqEqj0yf79k7AIDeogZtr2ANvuA==",
      "requires": {
        "@types/node": "^10.14.22",
        "ilp-logger": "^1.3.1",
        "ilp-packet": "^3.0.9",
        "ilp-protocol-ildcp": "^2.1.4",
        "long": "^4.0.0",
        "oer-utils": "^5.0.1",
        "uuid": "^3.4.0"
      }
    },
    "ilp-store-memory": {
      "version": "1.0.0",
      "resolved": "https://registry.npmjs.org/ilp-store-memory/-/ilp-store-memory-1.0.0.tgz",
      "integrity": "sha512-OxGD//mRTmw2zauj2ZrDvPcozfl8WHJPOgpwrjYc9i+nBxECwIJZKd8JxHAUwf/lQuRAoyY4rxPq0hZ6rpcIvA=="
    },
    "ilp-store-wrapper": {
      "version": "2.0.0",
      "resolved": "https://registry.npmjs.org/ilp-store-wrapper/-/ilp-store-wrapper-2.0.0.tgz",
      "integrity": "sha512-blCYuzHISjUc7JUua48yl39WmWiuwQaxVi4Bx/HFIgbOgprsfPJXHJqy3YpCBvR4aEL2i2l5aSq4C9trUbFXMA=="
    },
    "int64": {
      "version": "0.0.5",
      "resolved": "https://registry.npmjs.org/int64/-/int64-0.0.5.tgz",
      "integrity": "sha1-JTmm/O653MEZu0VDinIQtTzG/Eo="
    },
    "long": {
      "version": "4.0.0",
      "resolved": "https://registry.npmjs.org/long/-/long-4.0.0.tgz",
      "integrity": "sha512-XsP+KhQif4bjX1kbuSiySJFNAehNxgLb6hPRGJ9QsUr8ajHkuXGdrHmFUTUUXhDwVX2R5bY4JNZEwbUiMhV+MA=="
    },
    "ms": {
      "version": "2.1.2",
      "resolved": "https://registry.npmjs.org/ms/-/ms-2.1.2.tgz",
      "integrity": "sha512-sGkPx+VjMtmA6MX27oA4FBFELFCZZ4S4XqeGOXCv68tT+jb3vk/RyaKWP0PTKyWtmLSM0b+adUTEvbs1PEaH2w=="
    },
    "oer-utils": {
      "version": "5.1.2",
      "resolved": "https://registry.npmjs.org/oer-utils/-/oer-utils-5.1.2.tgz",
      "integrity": "sha512-VhkvT3bthHrbnwBOG9vGpDFB8XHrIitpZY2nC+3scZI2Tf17g8YmeDK6wsA7HpdjGXMsbf14fRgltBXwhzrWOw==",
      "requires": {
        "@types/long": "4.0.1",
        "long": "^4.0.0"
      }
    },
    "supports-color": {
      "version": "7.2.0",
      "resolved": "https://registry.npmjs.org/supports-color/-/supports-color-7.2.0.tgz",
      "integrity": "sha512-qpCAvRl9stuOHveKsn7HncJRvv501qIacKzQlO/+Lwxc9+0q2wLyv4Dfvt80/DPn2pqOBsJdDiogXGR9+OvwRw==",
      "requires": {
        "has-flag": "^4.0.0"
      }
    },
    "uuid": {
      "version": "3.4.0",
      "resolved": "https://registry.npmjs.org/uuid/-/uuid-3.4.0.tgz",
      "integrity": "sha512-HjSDRw6gZE5JMggctHBcjVak08+KEVhSIiDzFnT9S9aegmp85S/bReBVTb4QTFaRNptJ9kuYaNhnbNEOkbKb/A=="
    },
    "ws": {
      "version": "6.2.1",
      "resolved": "https://registry.npmjs.org/ws/-/ws-6.2.1.tgz",
      "integrity": "sha512-GIyAXC2cB7LjvpgMt9EKS2ldqr0MTrORaleiOno6TweZ6r3TKtoFQWay/2PceJ3RuBasOHzXNn5Lrw1X0bEjqA==",
      "requires": {
        "async-limiter": "~1.0.0"
      }
    }
  }
}
